# THIS IS AN AUTOGENERATED FILE. DO NOT EDIT THIS FILE DIRECTLY.
# yarn lockfile v1


"@tanstack/query-devtools@5.17.21":
  version "5.17.21"
  resolved "https://registry.yarnpkg.com/@tanstack/query-devtools/-/query-devtools-5.17.21.tgz#76f2b3edea24fd2a61d541bc3fd252a168af20b0"
  integrity sha512-WWfcnNjTEqcuAS5GyKkVGkseuES6yd197MJWGImBu+MoCjWPqxSXKCCfm+utSXJauJUGm7xoMmhqCphiQdjf8w==

"@tanstack/react-query-devtools@^5.17.21":
  version "5.17.21"
  resolved "https://registry.yarnpkg.com/@tanstack/react-query-devtools/-/react-query-devtools-5.17.21.tgz#88a01eb5a76065588262d52be18b3c429202b4f2"
  integrity sha512-Ri1AuWpN67eyPdMTlPxx1TMGNUaxTHrGv0ll0S20ZObz/Xms5wfANV3c6OX0HZTY0igudP1k5jpRLXNkd249mg==
  dependencies:
    "@tanstack/query-devtools" "5.17.21"
